// !$*UTF8*$!
{
	archiveVersion = 1;
	classes = {
	};
	objectVersion = 56;
	objects = {

/* Begin PBXBuildFile section */
		F44705AD2AFC5B8C00862D2C /* ExploreViewModel.swift in Sources */ = {isa = PBXBuildFile; fileRef = F44705AC2AFC5B8C00862D2C /* ExploreViewModel.swift */; };
		F44705B32AFC5FE400862D2C /* DeveloperPreview.swift in Sources */ = {isa = PBXBuildFile; fileRef = F44705B22AFC5FE400862D2C /* DeveloperPreview.swift */; };
		F46996412AF08A2600091384 /* FeedView.swift in Sources */ = {isa = PBXBuildFile; fileRef = F46996402AF08A2600091384 /* FeedView.swift */; };
		F46996432AF08B1B00091384 /* ThreadCell.swift in Sources */ = {isa = PBXBuildFile; fileRef = F46996422AF08B1B00091384 /* ThreadCell.swift */; };
		F46996472AF092D700091384 /* ExploreView.swift in Sources */ = {isa = PBXBuildFile; fileRef = F46996462AF092D700091384 /* ExploreView.swift */; };
		F469964C2AF096B900091384 /* CircularProfileImageView.swift in Sources */ = {isa = PBXBuildFile; fileRef = F469964B2AF096B900091384 /* CircularProfileImageView.swift */; };
		F469964E2AF0978C00091384 /* UserCell.swift in Sources */ = {isa = PBXBuildFile; fileRef = F469964D2AF0978C00091384 /* UserCell.swift */; };
		F46996522AF1C99800091384 /* ProfileView.swift in Sources */ = {isa = PBXBuildFile; fileRef = F46996512AF1C99800091384 /* ProfileView.swift */; };
		F46996552AF1D03C00091384 /* ProfileThreadFilter.swift in Sources */ = {isa = PBXBuildFile; fileRef = F46996542AF1D03C00091384 /* ProfileThreadFilter.swift */; };
		F46996592AF46A9A00091384 /* EditProfileView.swift in Sources */ = {isa = PBXBuildFile; fileRef = F46996582AF46A9A00091384 /* EditProfileView.swift */; };
		F469965D2AF4765200091384 /* ThreadCreationView.swift in Sources */ = {isa = PBXBuildFile; fileRef = F469965C2AF4765200091384 /* ThreadCreationView.swift */; };
		F469965F2AF5395D00091384 /* GoogleService-Info.plist in Resources */ = {isa = PBXBuildFile; fileRef = F469965E2AF5395C00091384 /* GoogleService-Info.plist */; };
		F46996622AF53A4D00091384 /* FirebaseAnalytics in Frameworks */ = {isa = PBXBuildFile; productRef = F46996612AF53A4D00091384 /* FirebaseAnalytics */; };
		F46996642AF53A4D00091384 /* FirebaseAnalyticsOnDeviceConversion in Frameworks */ = {isa = PBXBuildFile; productRef = F46996632AF53A4D00091384 /* FirebaseAnalyticsOnDeviceConversion */; };
		F46996662AF53A4D00091384 /* FirebaseAnalyticsSwift in Frameworks */ = {isa = PBXBuildFile; productRef = F46996652AF53A4D00091384 /* FirebaseAnalyticsSwift */; };
		F46996682AF53A4D00091384 /* FirebaseAnalyticsWithoutAdIdSupport in Frameworks */ = {isa = PBXBuildFile; productRef = F46996672AF53A4D00091384 /* FirebaseAnalyticsWithoutAdIdSupport */; };
		F469966A2AF53A4D00091384 /* FirebaseAppCheck in Frameworks */ = {isa = PBXBuildFile; productRef = F46996692AF53A4D00091384 /* FirebaseAppCheck */; };
		F469966C2AF53A4D00091384 /* FirebaseAppDistribution-Beta in Frameworks */ = {isa = PBXBuildFile; productRef = F469966B2AF53A4D00091384 /* FirebaseAppDistribution-Beta */; };
		F469966E2AF53A4D00091384 /* FirebaseAuth in Frameworks */ = {isa = PBXBuildFile; productRef = F469966D2AF53A4D00091384 /* FirebaseAuth */; };
		F46996702AF53A4D00091384 /* FirebaseAuthCombine-Community in Frameworks */ = {isa = PBXBuildFile; productRef = F469966F2AF53A4D00091384 /* FirebaseAuthCombine-Community */; };
		F46996722AF53A4D00091384 /* FirebaseCrashlytics in Frameworks */ = {isa = PBXBuildFile; productRef = F46996712AF53A4D00091384 /* FirebaseCrashlytics */; };
		F46996742AF53A4D00091384 /* FirebaseDatabase in Frameworks */ = {isa = PBXBuildFile; productRef = F46996732AF53A4D00091384 /* FirebaseDatabase */; };
		F46996762AF53A4D00091384 /* FirebaseDatabaseSwift in Frameworks */ = {isa = PBXBuildFile; productRef = F46996752AF53A4D00091384 /* FirebaseDatabaseSwift */; };
		F46996782AF53A4D00091384 /* FirebaseDynamicLinks in Frameworks */ = {isa = PBXBuildFile; productRef = F46996772AF53A4D00091384 /* FirebaseDynamicLinks */; };
		F469967A2AF53A4D00091384 /* FirebaseFirestore in Frameworks */ = {isa = PBXBuildFile; productRef = F46996792AF53A4D00091384 /* FirebaseFirestore */; };
		F469967C2AF53A4D00091384 /* FirebaseFirestoreCombine-Community in Frameworks */ = {isa = PBXBuildFile; productRef = F469967B2AF53A4D00091384 /* FirebaseFirestoreCombine-Community */; };
		F469967E2AF53A4D00091384 /* FirebaseFirestoreSwift in Frameworks */ = {isa = PBXBuildFile; productRef = F469967D2AF53A4D00091384 /* FirebaseFirestoreSwift */; };
		F46996802AF53A4D00091384 /* FirebaseFunctions in Frameworks */ = {isa = PBXBuildFile; productRef = F469967F2AF53A4D00091384 /* FirebaseFunctions */; };
		F46996822AF53A4D00091384 /* FirebaseFunctionsCombine-Community in Frameworks */ = {isa = PBXBuildFile; productRef = F46996812AF53A4D00091384 /* FirebaseFunctionsCombine-Community */; };
		F46996842AF53A4D00091384 /* FirebaseInAppMessaging-Beta in Frameworks */ = {isa = PBXBuildFile; productRef = F46996832AF53A4D00091384 /* FirebaseInAppMessaging-Beta */; };
		F46996862AF53A4D00091384 /* FirebaseInAppMessagingSwift-Beta in Frameworks */ = {isa = PBXBuildFile; productRef = F46996852AF53A4D00091384 /* FirebaseInAppMessagingSwift-Beta */; };
		F46996882AF53A4D00091384 /* FirebaseInstallations in Frameworks */ = {isa = PBXBuildFile; productRef = F46996872AF53A4D00091384 /* FirebaseInstallations */; };
		F469968A2AF53A4D00091384 /* FirebaseMLModelDownloader in Frameworks */ = {isa = PBXBuildFile; productRef = F46996892AF53A4D00091384 /* FirebaseMLModelDownloader */; };
		F469968C2AF53A4D00091384 /* FirebaseMessaging in Frameworks */ = {isa = PBXBuildFile; productRef = F469968B2AF53A4D00091384 /* FirebaseMessaging */; };
		F469968E2AF53A4D00091384 /* FirebasePerformance in Frameworks */ = {isa = PBXBuildFile; productRef = F469968D2AF53A4D00091384 /* FirebasePerformance */; };
		F46996902AF53A4D00091384 /* FirebaseRemoteConfig in Frameworks */ = {isa = PBXBuildFile; productRef = F469968F2AF53A4D00091384 /* FirebaseRemoteConfig */; };
		F46996922AF53A4D00091384 /* FirebaseRemoteConfigSwift in Frameworks */ = {isa = PBXBuildFile; productRef = F46996912AF53A4D00091384 /* FirebaseRemoteConfigSwift */; };
		F46996942AF53A4D00091384 /* FirebaseStorage in Frameworks */ = {isa = PBXBuildFile; productRef = F46996932AF53A4D00091384 /* FirebaseStorage */; };
		F46996962AF53A4D00091384 /* FirebaseStorageCombine-Community in Frameworks */ = {isa = PBXBuildFile; productRef = F46996952AF53A4D00091384 /* FirebaseStorageCombine-Community */; };
		F469969B2AF540B500091384 /* RegistrationViewModel.swift in Sources */ = {isa = PBXBuildFile; fileRef = F469969A2AF540B500091384 /* RegistrationViewModel.swift */; };
		F469969D2AF542F900091384 /* AuthService.swift in Sources */ = {isa = PBXBuildFile; fileRef = F469969C2AF542F900091384 /* AuthService.swift */; };
		F47E36612AF7DEE600783A10 /* ContentViewModel.swift in Sources */ = {isa = PBXBuildFile; fileRef = F47E36602AF7DEE600783A10 /* ContentViewModel.swift */; };
		F47E36632AF7E41F00783A10 /* LoginViewModel.swift in Sources */ = {isa = PBXBuildFile; fileRef = F47E36622AF7E41F00783A10 /* LoginViewModel.swift */; };
		F47E36662AF97E6600783A10 /* User.swift in Sources */ = {isa = PBXBuildFile; fileRef = F47E36652AF97E6600783A10 /* User.swift */; };
		F47E36692AF9830500783A10 /* ProfileViewModel.swift in Sources */ = {isa = PBXBuildFile; fileRef = F47E36682AF9830500783A10 /* ProfileViewModel.swift */; };
		F47E366B2AF9836C00783A10 /* UserService.swift in Sources */ = {isa = PBXBuildFile; fileRef = F47E366A2AF9836C00783A10 /* UserService.swift */; };
		F49C98392AEB498F00B0F8F4 /* ThreadsApp.swift in Sources */ = {isa = PBXBuildFile; fileRef = F49C98382AEB498F00B0F8F4 /* ThreadsApp.swift */; };
		F49C983B2AEB498F00B0F8F4 /* ContentView.swift in Sources */ = {isa = PBXBuildFile; fileRef = F49C983A2AEB498F00B0F8F4 /* ContentView.swift */; };
		F49C983D2AEB499300B0F8F4 /* Assets.xcassets in Resources */ = {isa = PBXBuildFile; fileRef = F49C983C2AEB499300B0F8F4 /* Assets.xcassets */; };
		F49C98402AEB499300B0F8F4 /* Preview Assets.xcassets in Resources */ = {isa = PBXBuildFile; fileRef = F49C983F2AEB499300B0F8F4 /* Preview Assets.xcassets */; };
		F49C984B2AEB49CA00B0F8F4 /* RegistrationView.swift in Sources */ = {isa = PBXBuildFile; fileRef = F49C98492AEB49CA00B0F8F4 /* RegistrationView.swift */; };
		F49C984C2AEB49CA00B0F8F4 /* LoginView.swift in Sources */ = {isa = PBXBuildFile; fileRef = F49C984A2AEB49CA00B0F8F4 /* LoginView.swift */; };
		F49C98512AEB4A1600B0F8F4 /* ThreadsTextFieldModifier.swift in Sources */ = {isa = PBXBuildFile; fileRef = F49C984F2AEB4A1600B0F8F4 /* ThreadsTextFieldModifier.swift */; };
		F49C98522AEB4A1600B0F8F4 /* ThreadsButtonModifier.swift in Sources */ = {isa = PBXBuildFile; fileRef = F49C98502AEB4A1600B0F8F4 /* ThreadsButtonModifier.swift */; };
		F4C499D32AEDE5E200EA82F8 /* ThreadsTabView.swift in Sources */ = {isa = PBXBuildFile; fileRef = F4C499D22AEDE5E200EA82F8 /* ThreadsTabView.swift */; };
/* End PBXBuildFile section */

/* Begin PBXFileReference section */
		F44705AC2AFC5B8C00862D2C /* ExploreViewModel.swift */ = {isa = PBXFileReference; lastKnownFileType = sourcecode.swift; path = ExploreViewModel.swift; sourceTree = "<group>"; };
		F44705B22AFC5FE400862D2C /* DeveloperPreview.swift */ = {isa = PBXFileReference; lastKnownFileType = sourcecode.swift; path = DeveloperPreview.swift; sourceTree = "<group>"; };
		F46996402AF08A2600091384 /* FeedView.swift */ = {isa = PBXFileReference; lastKnownFileType = sourcecode.swift; path = FeedView.swift; sourceTree = "<group>"; };
		F46996422AF08B1B00091384 /* ThreadCell.swift */ = {isa = PBXFileReference; lastKnownFileType = sourcecode.swift; path = ThreadCell.swift; sourceTree = "<group>"; };
		F46996462AF092D700091384 /* ExploreView.swift */ = {isa = PBXFileReference; lastKnownFileType = sourcecode.swift; path = ExploreView.swift; sourceTree = "<group>"; };
		F469964B2AF096B900091384 /* CircularProfileImageView.swift */ = {isa = PBXFileReference; lastKnownFileType = sourcecode.swift; path = CircularProfileImageView.swift; sourceTree = "<group>"; };
		F469964D2AF0978C00091384 /* UserCell.swift */ = {isa = PBXFileReference; lastKnownFileType = sourcecode.swift; path = UserCell.swift; sourceTree = "<group>"; };
		F46996512AF1C99800091384 /* ProfileView.swift */ = {isa = PBXFileReference; lastKnownFileType = sourcecode.swift; path = ProfileView.swift; sourceTree = "<group>"; };
		F46996542AF1D03C00091384 /* ProfileThreadFilter.swift */ = {isa = PBXFileReference; lastKnownFileType = sourcecode.swift; path = ProfileThreadFilter.swift; sourceTree = "<group>"; };
		F46996582AF46A9A00091384 /* EditProfileView.swift */ = {isa = PBXFileReference; lastKnownFileType = sourcecode.swift; path = EditProfileView.swift; sourceTree = "<group>"; };
		F469965C2AF4765200091384 /* ThreadCreationView.swift */ = {isa = PBXFileReference; lastKnownFileType = sourcecode.swift; path = ThreadCreationView.swift; sourceTree = "<group>"; };
		F469965E2AF5395C00091384 /* GoogleService-Info.plist */ = {isa = PBXFileReference; fileEncoding = 4; lastKnownFileType = text.plist.xml; path = "GoogleService-Info.plist"; sourceTree = "<group>"; };
		F469969A2AF540B500091384 /* RegistrationViewModel.swift */ = {isa = PBXFileReference; lastKnownFileType = sourcecode.swift; path = RegistrationViewModel.swift; sourceTree = "<group>"; };
		F469969C2AF542F900091384 /* AuthService.swift */ = {isa = PBXFileReference; lastKnownFileType = sourcecode.swift; path = AuthService.swift; sourceTree = "<group>"; };
		F47E36602AF7DEE600783A10 /* ContentViewModel.swift */ = {isa = PBXFileReference; lastKnownFileType = sourcecode.swift; path = ContentViewModel.swift; sourceTree = "<group>"; };
		F47E36622AF7E41F00783A10 /* LoginViewModel.swift */ = {isa = PBXFileReference; lastKnownFileType = sourcecode.swift; path = LoginViewModel.swift; sourceTree = "<group>"; };
		F47E36652AF97E6600783A10 /* User.swift */ = {isa = PBXFileReference; lastKnownFileType = sourcecode.swift; path = User.swift; sourceTree = "<group>"; };
		F47E36682AF9830500783A10 /* ProfileViewModel.swift */ = {isa = PBXFileReference; lastKnownFileType = sourcecode.swift; path = ProfileViewModel.swift; sourceTree = "<group>"; };
		F47E366A2AF9836C00783A10 /* UserService.swift */ = {isa = PBXFileReference; lastKnownFileType = sourcecode.swift; path = UserService.swift; sourceTree = "<group>"; };
		F49C98352AEB498F00B0F8F4 /* Threads.app */ = {isa = PBXFileReference; explicitFileType = wrapper.application; includeInIndex = 0; path = Threads.app; sourceTree = BUILT_PRODUCTS_DIR; };
		F49C98382AEB498F00B0F8F4 /* ThreadsApp.swift */ = {isa = PBXFileReference; lastKnownFileType = sourcecode.swift; path = ThreadsApp.swift; sourceTree = "<group>"; };
		F49C983A2AEB498F00B0F8F4 /* ContentView.swift */ = {isa = PBXFileReference; lastKnownFileType = sourcecode.swift; path = ContentView.swift; sourceTree = "<group>"; };
		F49C983C2AEB499300B0F8F4 /* Assets.xcassets */ = {isa = PBXFileReference; lastKnownFileType = folder.assetcatalog; path = Assets.xcassets; sourceTree = "<group>"; };
		F49C983F2AEB499300B0F8F4 /* Preview Assets.xcassets */ = {isa = PBXFileReference; lastKnownFileType = folder.assetcatalog; path = "Preview Assets.xcassets"; sourceTree = "<group>"; };
		F49C98492AEB49CA00B0F8F4 /* RegistrationView.swift */ = {isa = PBXFileReference; fileEncoding = 4; lastKnownFileType = sourcecode.swift; path = RegistrationView.swift; sourceTree = "<group>"; };
		F49C984A2AEB49CA00B0F8F4 /* LoginView.swift */ = {isa = PBXFileReference; fileEncoding = 4; lastKnownFileType = sourcecode.swift; path = LoginView.swift; sourceTree = "<group>"; };
		F49C984F2AEB4A1600B0F8F4 /* ThreadsTextFieldModifier.swift */ = {isa = PBXFileReference; fileEncoding = 4; lastKnownFileType = sourcecode.swift; path = ThreadsTextFieldModifier.swift; sourceTree = "<group>"; };
		F49C98502AEB4A1600B0F8F4 /* ThreadsButtonModifier.swift */ = {isa = PBXFileReference; fileEncoding = 4; lastKnownFileType = sourcecode.swift; path = ThreadsButtonModifier.swift; sourceTree = "<group>"; };
		F4C499D22AEDE5E200EA82F8 /* ThreadsTabView.swift */ = {isa = PBXFileReference; lastKnownFileType = sourcecode.swift; path = ThreadsTabView.swift; sourceTree = "<group>"; };
/* End PBXFileReference section */

/* Begin PBXFrameworksBuildPhase section */
		F49C98322AEB498F00B0F8F4 /* Frameworks */ = {
			isa = PBXFrameworksBuildPhase;
			buildActionMask = 2147483647;
			files = (
				F46996742AF53A4D00091384 /* FirebaseDatabase in Frameworks */,
				F46996822AF53A4D00091384 /* FirebaseFunctionsCombine-Community in Frameworks */,
				F469967A2AF53A4D00091384 /* FirebaseFirestore in Frameworks */,
				F46996662AF53A4D00091384 /* FirebaseAnalyticsSwift in Frameworks */,
				F46996622AF53A4D00091384 /* FirebaseAnalytics in Frameworks */,
				F46996642AF53A4D00091384 /* FirebaseAnalyticsOnDeviceConversion in Frameworks */,
				F469968A2AF53A4D00091384 /* FirebaseMLModelDownloader in Frameworks */,
				F469967E2AF53A4D00091384 /* FirebaseFirestoreSwift in Frameworks */,
				F469966A2AF53A4D00091384 /* FirebaseAppCheck in Frameworks */,
				F46996682AF53A4D00091384 /* FirebaseAnalyticsWithoutAdIdSupport in Frameworks */,
				F469966E2AF53A4D00091384 /* FirebaseAuth in Frameworks */,
				F46996722AF53A4D00091384 /* FirebaseCrashlytics in Frameworks */,
				F46996922AF53A4D00091384 /* FirebaseRemoteConfigSwift in Frameworks */,
				F46996842AF53A4D00091384 /* FirebaseInAppMessaging-Beta in Frameworks */,
				F46996762AF53A4D00091384 /* FirebaseDatabaseSwift in Frameworks */,
				F46996802AF53A4D00091384 /* FirebaseFunctions in Frameworks */,
				F46996962AF53A4D00091384 /* FirebaseStorageCombine-Community in Frameworks */,
				F46996902AF53A4D00091384 /* FirebaseRemoteConfig in Frameworks */,
				F469966C2AF53A4D00091384 /* FirebaseAppDistribution-Beta in Frameworks */,
				F46996702AF53A4D00091384 /* FirebaseAuthCombine-Community in Frameworks */,
				F469968E2AF53A4D00091384 /* FirebasePerformance in Frameworks */,
				F46996862AF53A4D00091384 /* FirebaseInAppMessagingSwift-Beta in Frameworks */,
				F46996942AF53A4D00091384 /* FirebaseStorage in Frameworks */,
				F46996782AF53A4D00091384 /* FirebaseDynamicLinks in Frameworks */,
				F469967C2AF53A4D00091384 /* FirebaseFirestoreCombine-Community in Frameworks */,
				F469968C2AF53A4D00091384 /* FirebaseMessaging in Frameworks */,
				F46996882AF53A4D00091384 /* FirebaseInstallations in Frameworks */,
			);
			runOnlyForDeploymentPostprocessing = 0;
		};
/* End PBXFrameworksBuildPhase section */

/* Begin PBXGroup section */
		F44705AB2AFC5B8000862D2C /* ViewModel */ = {
			isa = PBXGroup;
			children = (
				F44705AC2AFC5B8C00862D2C /* ExploreViewModel.swift */,
			);
			path = ViewModel;
			sourceTree = "<group>";
		};
		F44705AE2AFC5D2000862D2C /* Extensions */ = {
			isa = PBXGroup;
			children = (
			);
			path = Extensions;
			sourceTree = "<group>";
		};
		F44705B12AFC5FD100862D2C /* Mooks */ = {
			isa = PBXGroup;
			children = (
				F44705B22AFC5FE400862D2C /* DeveloperPreview.swift */,
			);
			path = Mooks;
			sourceTree = "<group>";
		};
		F469963E2AF089F900091384 /* Feed */ = {
			isa = PBXGroup;
			children = (
				F469963F2AF08A0200091384 /* View */,
			);
			path = Feed;
			sourceTree = "<group>";
		};
		F469963F2AF08A0200091384 /* View */ = {
			isa = PBXGroup;
			children = (
				F46996402AF08A2600091384 /* FeedView.swift */,
				F46996422AF08B1B00091384 /* ThreadCell.swift */,
			);
			path = View;
			sourceTree = "<group>";
		};
		F46996442AF0926900091384 /* Explore */ = {
			isa = PBXGroup;
			children = (
				F44705AB2AFC5B8000862D2C /* ViewModel */,
				F46996452AF0928600091384 /* View */,
			);
			path = Explore;
			sourceTree = "<group>";
		};
		F46996452AF0928600091384 /* View */ = {
			isa = PBXGroup;
			children = (
				F46996462AF092D700091384 /* ExploreView.swift */,
			);
			path = View;
			sourceTree = "<group>";
		};
		F469964A2AF096A000091384 /* Components */ = {
			isa = PBXGroup;
			children = (
				F469964B2AF096B900091384 /* CircularProfileImageView.swift */,
				F469964D2AF0978C00091384 /* UserCell.swift */,
			);
			path = Components;
			sourceTree = "<group>";
		};
		F469964F2AF1C95800091384 /* Profile */ = {
			isa = PBXGroup;
			children = (
				F47E36672AF982F400783A10 /* ViewModel */,
				F46996562AF46A4E00091384 /* EditProfile */,
				F46996532AF1D02000091384 /* Model */,
				F46996502AF1C96000091384 /* View */,
			);
			path = Profile;
			sourceTree = "<group>";
		};
		F46996502AF1C96000091384 /* View */ = {
			isa = PBXGroup;
			children = (
				F46996512AF1C99800091384 /* ProfileView.swift */,
			);
			path = View;
			sourceTree = "<group>";
		};
		F46996532AF1D02000091384 /* Model */ = {
			isa = PBXGroup;
			children = (
				F46996542AF1D03C00091384 /* ProfileThreadFilter.swift */,
			);
			path = Model;
			sourceTree = "<group>";
		};
		F46996562AF46A4E00091384 /* EditProfile */ = {
			isa = PBXGroup;
			children = (
				F46996572AF46A6300091384 /* View */,
			);
			path = EditProfile;
			sourceTree = "<group>";
		};
		F46996572AF46A6300091384 /* View */ = {
			isa = PBXGroup;
			children = (
				F46996582AF46A9A00091384 /* EditProfileView.swift */,
			);
			path = View;
			sourceTree = "<group>";
		};
		F469965A2AF4763900091384 /* ThreadCreation */ = {
			isa = PBXGroup;
			children = (
				F469965B2AF4764300091384 /* View */,
			);
			path = ThreadCreation;
			sourceTree = "<group>";
		};
		F469965B2AF4764300091384 /* View */ = {
			isa = PBXGroup;
			children = (
				F469965C2AF4765200091384 /* ThreadCreationView.swift */,
			);
			path = View;
			sourceTree = "<group>";
		};
		F46996972AF53C1800091384 /* App */ = {
			isa = PBXGroup;
			children = (
				F49C98382AEB498F00B0F8F4 /* ThreadsApp.swift */,
			);
			path = App;
			sourceTree = "<group>";
		};
		F46996982AF53C7D00091384 /* Service */ = {
			isa = PBXGroup;
			children = (
				F469969C2AF542F900091384 /* AuthService.swift */,
				F47E366A2AF9836C00783A10 /* UserService.swift */,
			);
			path = Service;
			sourceTree = "<group>";
		};
		F46996992AF53C8600091384 /* ViewModel */ = {
			isa = PBXGroup;
			children = (
				F469969A2AF540B500091384 /* RegistrationViewModel.swift */,
				F47E36622AF7E41F00783A10 /* LoginViewModel.swift */,
			);
			path = ViewModel;
			sourceTree = "<group>";
		};
		F469969E2AF5C66400091384 /* Root */ = {
			isa = PBXGroup;
			children = (
				F469969F2AF5C66C00091384 /* View */,
				F46996A02AF5C67A00091384 /* ViewModel */,
			);
			path = Root;
			sourceTree = "<group>";
		};
		F469969F2AF5C66C00091384 /* View */ = {
			isa = PBXGroup;
			children = (
				F49C983A2AEB498F00B0F8F4 /* ContentView.swift */,
			);
			path = View;
			sourceTree = "<group>";
		};
		F46996A02AF5C67A00091384 /* ViewModel */ = {
			isa = PBXGroup;
			children = (
				F47E36602AF7DEE600783A10 /* ContentViewModel.swift */,
			);
			path = ViewModel;
			sourceTree = "<group>";
		};
		F47E36642AF97BF200783A10 /* Model */ = {
			isa = PBXGroup;
			children = (
				F47E36652AF97E6600783A10 /* User.swift */,
			);
			path = Model;
			sourceTree = "<group>";
		};
		F47E36672AF982F400783A10 /* ViewModel */ = {
			isa = PBXGroup;
			children = (
				F47E36682AF9830500783A10 /* ProfileViewModel.swift */,
			);
			path = ViewModel;
			sourceTree = "<group>";
		};
		F49C982C2AEB498F00B0F8F4 = {
			isa = PBXGroup;
			children = (
				F49C98372AEB498F00B0F8F4 /* Threads */,
				F49C98362AEB498F00B0F8F4 /* Products */,
			);
			sourceTree = "<group>";
		};
		F49C98362AEB498F00B0F8F4 /* Products */ = {
			isa = PBXGroup;
			children = (
				F49C98352AEB498F00B0F8F4 /* Threads.app */,
			);
			name = Products;
			sourceTree = "<group>";
		};
		F49C98372AEB498F00B0F8F4 /* Threads */ = {
			isa = PBXGroup;
			children = (
				F44705B12AFC5FD100862D2C /* Mooks */,
				F44705AE2AFC5D2000862D2C /* Extensions */,
				F46996972AF53C1800091384 /* App */,
				F49C98462AEB49A800B0F8F4 /* Core */,
				F47E36642AF97BF200783A10 /* Model */,
				F49C984D2AEB4A0000B0F8F4 /* Utils */,
				F469965E2AF5395C00091384 /* GoogleService-Info.plist */,
				F49C983C2AEB499300B0F8F4 /* Assets.xcassets */,
				F49C983E2AEB499300B0F8F4 /* Preview Content */,
			);
			path = Threads;
			sourceTree = "<group>";
		};
		F49C983E2AEB499300B0F8F4 /* Preview Content */ = {
			isa = PBXGroup;
			children = (
				F49C983F2AEB499300B0F8F4 /* Preview Assets.xcassets */,
			);
			path = "Preview Content";
			sourceTree = "<group>";
		};
		F49C98462AEB49A800B0F8F4 /* Core */ = {
			isa = PBXGroup;
			children = (
				F469969E2AF5C66400091384 /* Root */,
				F49C98472AEB49B000B0F8F4 /* Authentication */,
				F46996442AF0926900091384 /* Explore */,
				F469963E2AF089F900091384 /* Feed */,
				F469964F2AF1C95800091384 /* Profile */,
				F469964A2AF096A000091384 /* Components */,
				F49C98532AEC842400B0F8F4 /* TabBar */,
				F469965A2AF4763900091384 /* ThreadCreation */,
			);
			path = Core;
			sourceTree = "<group>";
		};
		F49C98472AEB49B000B0F8F4 /* Authentication */ = {
			isa = PBXGroup;
			children = (
				F46996982AF53C7D00091384 /* Service */,
				F49C98482AEB49B600B0F8F4 /* View */,
				F46996992AF53C8600091384 /* ViewModel */,
			);
			path = Authentication;
			sourceTree = "<group>";
		};
		F49C98482AEB49B600B0F8F4 /* View */ = {
			isa = PBXGroup;
			children = (
				F49C984A2AEB49CA00B0F8F4 /* LoginView.swift */,
				F49C98492AEB49CA00B0F8F4 /* RegistrationView.swift */,
			);
			path = View;
			sourceTree = "<group>";
		};
		F49C984D2AEB4A0000B0F8F4 /* Utils */ = {
			isa = PBXGroup;
			children = (
				F49C984E2AEB4A0500B0F8F4 /* ViewModifiers */,
			);
			path = Utils;
			sourceTree = "<group>";
		};
		F49C984E2AEB4A0500B0F8F4 /* ViewModifiers */ = {
			isa = PBXGroup;
			children = (
				F49C98502AEB4A1600B0F8F4 /* ThreadsButtonModifier.swift */,
				F49C984F2AEB4A1600B0F8F4 /* ThreadsTextFieldModifier.swift */,
			);
			path = ViewModifiers;
			sourceTree = "<group>";
		};
		F49C98532AEC842400B0F8F4 /* TabBar */ = {
			isa = PBXGroup;
			children = (
				F4C499D02AEDE5BC00EA82F8 /* View */,
			);
			path = TabBar;
			sourceTree = "<group>";
		};
		F4C499D02AEDE5BC00EA82F8 /* View */ = {
			isa = PBXGroup;
			children = (
				F4C499D22AEDE5E200EA82F8 /* ThreadsTabView.swift */,
			);
			path = View;
			sourceTree = "<group>";
		};
/* End PBXGroup section */

/* Begin PBXNativeTarget section */
		F49C98342AEB498F00B0F8F4 /* Threads */ = {
			isa = PBXNativeTarget;
			buildConfigurationList = F49C98432AEB499300B0F8F4 /* Build configuration list for PBXNativeTarget "Threads" */;
			buildPhases = (
				F49C98312AEB498F00B0F8F4 /* Sources */,
				F49C98322AEB498F00B0F8F4 /* Frameworks */,
				F49C98332AEB498F00B0F8F4 /* Resources */,
			);
			buildRules = (
			);
			dependencies = (
			);
			name = Threads;
			packageProductDependencies = (
				F46996612AF53A4D00091384 /* FirebaseAnalytics */,
				F46996632AF53A4D00091384 /* FirebaseAnalyticsOnDeviceConversion */,
				F46996652AF53A4D00091384 /* FirebaseAnalyticsSwift */,
				F46996672AF53A4D00091384 /* FirebaseAnalyticsWithoutAdIdSupport */,
				F46996692AF53A4D00091384 /* FirebaseAppCheck */,
				F469966B2AF53A4D00091384 /* FirebaseAppDistribution-Beta */,
				F469966D2AF53A4D00091384 /* FirebaseAuth */,
				F469966F2AF53A4D00091384 /* FirebaseAuthCombine-Community */,
				F46996712AF53A4D00091384 /* FirebaseCrashlytics */,
				F46996732AF53A4D00091384 /* FirebaseDatabase */,
				F46996752AF53A4D00091384 /* FirebaseDatabaseSwift */,
				F46996772AF53A4D00091384 /* FirebaseDynamicLinks */,
				F46996792AF53A4D00091384 /* FirebaseFirestore */,
				F469967B2AF53A4D00091384 /* FirebaseFirestoreCombine-Community */,
				F469967D2AF53A4D00091384 /* FirebaseFirestoreSwift */,
				F469967F2AF53A4D00091384 /* FirebaseFunctions */,
				F46996812AF53A4D00091384 /* FirebaseFunctionsCombine-Community */,
				F46996832AF53A4D00091384 /* FirebaseInAppMessaging-Beta */,
				F46996852AF53A4D00091384 /* FirebaseInAppMessagingSwift-Beta */,
				F46996872AF53A4D00091384 /* FirebaseInstallations */,
				F46996892AF53A4D00091384 /* FirebaseMLModelDownloader */,
				F469968B2AF53A4D00091384 /* FirebaseMessaging */,
				F469968D2AF53A4D00091384 /* FirebasePerformance */,
				F469968F2AF53A4D00091384 /* FirebaseRemoteConfig */,
				F46996912AF53A4D00091384 /* FirebaseRemoteConfigSwift */,
				F46996932AF53A4D00091384 /* FirebaseStorage */,
				F46996952AF53A4D00091384 /* FirebaseStorageCombine-Community */,
			);
			productName = Threads;
			productReference = F49C98352AEB498F00B0F8F4 /* Threads.app */;
			productType = "com.apple.product-type.application";
		};
/* End PBXNativeTarget section */

/* Begin PBXProject section */
		F49C982D2AEB498F00B0F8F4 /* Project object */ = {
			isa = PBXProject;
			attributes = {
				BuildIndependentTargetsInParallel = 1;
				LastSwiftUpdateCheck = 1500;
				LastUpgradeCheck = 1500;
				TargetAttributes = {
					F49C98342AEB498F00B0F8F4 = {
						CreatedOnToolsVersion = 15.0.1;
					};
				};
			};
			buildConfigurationList = F49C98302AEB498F00B0F8F4 /* Build configuration list for PBXProject "Threads" */;
			compatibilityVersion = "Xcode 14.0";
			developmentRegion = en;
			hasScannedForEncodings = 0;
			knownRegions = (
				en,
				Base,
			);
			mainGroup = F49C982C2AEB498F00B0F8F4;
			packageReferences = (
				F46996602AF53A4D00091384 /* XCRemoteSwiftPackageReference "firebase-ios-sdk" */,
			);
			productRefGroup = F49C98362AEB498F00B0F8F4 /* Products */;
			projectDirPath = "";
			projectRoot = "";
			targets = (
				F49C98342AEB498F00B0F8F4 /* Threads */,
			);
		};
/* End PBXProject section */

/* Begin PBXResourcesBuildPhase section */
		F49C98332AEB498F00B0F8F4 /* Resources */ = {
			isa = PBXResourcesBuildPhase;
			buildActionMask = 2147483647;
			files = (
				F49C98402AEB499300B0F8F4 /* Preview Assets.xcassets in Resources */,
				F49C983D2AEB499300B0F8F4 /* Assets.xcassets in Resources */,
				F469965F2AF5395D00091384 /* GoogleService-Info.plist in Resources */,
			);
			runOnlyForDeploymentPostprocessing = 0;
		};
/* End PBXResourcesBuildPhase section */

/* Begin PBXSourcesBuildPhase section */
		F49C98312AEB498F00B0F8F4 /* Sources */ = {
			isa = PBXSourcesBuildPhase;
			buildActionMask = 2147483647;
			files = (
				F46996592AF46A9A00091384 /* EditProfileView.swift in Sources */,
				F469969B2AF540B500091384 /* RegistrationViewModel.swift in Sources */,
				F469964E2AF0978C00091384 /* UserCell.swift in Sources */,
				F469969D2AF542F900091384 /* AuthService.swift in Sources */,
				F46996522AF1C99800091384 /* ProfileView.swift in Sources */,
				F469964C2AF096B900091384 /* CircularProfileImageView.swift in Sources */,
				F46996432AF08B1B00091384 /* ThreadCell.swift in Sources */,
				F47E366B2AF9836C00783A10 /* UserService.swift in Sources */,
				F46996412AF08A2600091384 /* FeedView.swift in Sources */,
				F44705B32AFC5FE400862D2C /* DeveloperPreview.swift in Sources */,
				F47E36632AF7E41F00783A10 /* LoginViewModel.swift in Sources */,
				F49C98522AEB4A1600B0F8F4 /* ThreadsButtonModifier.swift in Sources */,
				F4C499D32AEDE5E200EA82F8 /* ThreadsTabView.swift in Sources */,
				F44705AD2AFC5B8C00862D2C /* ExploreViewModel.swift in Sources */,
				F46996472AF092D700091384 /* ExploreView.swift in Sources */,
				F49C984B2AEB49CA00B0F8F4 /* RegistrationView.swift in Sources */,
				F47E36612AF7DEE600783A10 /* ContentViewModel.swift in Sources */,
				F46996552AF1D03C00091384 /* ProfileThreadFilter.swift in Sources */,
				F469965D2AF4765200091384 /* ThreadCreationView.swift in Sources */,
				F49C983B2AEB498F00B0F8F4 /* ContentView.swift in Sources */,
				F49C98512AEB4A1600B0F8F4 /* ThreadsTextFieldModifier.swift in Sources */,
				F47E36692AF9830500783A10 /* ProfileViewModel.swift in Sources */,
				F49C984C2AEB49CA00B0F8F4 /* LoginView.swift in Sources */,
				F49C98392AEB498F00B0F8F4 /* ThreadsApp.swift in Sources */,
				F47E36662AF97E6600783A10 /* User.swift in Sources */,
			);
			runOnlyForDeploymentPostprocessing = 0;
		};
/* End PBXSourcesBuildPhase section */

/* Begin XCBuildConfiguration section */
		F49C98412AEB499300B0F8F4 /* Debug */ = {
			isa = XCBuildConfiguration;
			buildSettings = {
				ALWAYS_SEARCH_USER_PATHS = NO;
				ASSETCATALOG_COMPILER_GENERATE_SWIFT_ASSET_SYMBOL_EXTENSIONS = YES;
				CLANG_ANALYZER_NONNULL = YES;
				CLANG_ANALYZER_NUMBER_OBJECT_CONVERSION = YES_AGGRESSIVE;
				CLANG_CXX_LANGUAGE_STANDARD = "gnu++20";
				CLANG_ENABLE_MODULES = YES;
				CLANG_ENABLE_OBJC_ARC = YES;
				CLANG_ENABLE_OBJC_WEAK = YES;
				CLANG_WARN_BLOCK_CAPTURE_AUTORELEASING = YES;
				CLANG_WARN_BOOL_CONVERSION = YES;
				CLANG_WARN_COMMA = YES;
				CLANG_WARN_CONSTANT_CONVERSION = YES;
				CLANG_WARN_DEPRECATED_OBJC_IMPLEMENTATIONS = YES;
				CLANG_WARN_DIRECT_OBJC_ISA_USAGE = YES_ERROR;
				CLANG_WARN_DOCUMENTATION_COMMENTS = YES;
				CLANG_WARN_EMPTY_BODY = YES;
				CLANG_WARN_ENUM_CONVERSION = YES;
				CLANG_WARN_INFINITE_RECURSION = YES;
				CLANG_WARN_INT_CONVERSION = YES;
				CLANG_WARN_NON_LITERAL_NULL_CONVERSION = YES;
				CLANG_WARN_OBJC_IMPLICIT_RETAIN_SELF = YES;
				CLANG_WARN_OBJC_LITERAL_CONVERSION = YES;
				CLANG_WARN_OBJC_ROOT_CLASS = YES_ERROR;
				CLANG_WARN_QUOTED_INCLUDE_IN_FRAMEWORK_HEADER = YES;
				CLANG_WARN_RANGE_LOOP_ANALYSIS = YES;
				CLANG_WARN_STRICT_PROTOTYPES = YES;
				CLANG_WARN_SUSPICIOUS_MOVE = YES;
				CLANG_WARN_UNGUARDED_AVAILABILITY = YES_AGGRESSIVE;
				CLANG_WARN_UNREACHABLE_CODE = YES;
				CLANG_WARN__DUPLICATE_METHOD_MATCH = YES;
				COPY_PHASE_STRIP = NO;
				DEBUG_INFORMATION_FORMAT = dwarf;
				ENABLE_STRICT_OBJC_MSGSEND = YES;
				ENABLE_TESTABILITY = YES;
				ENABLE_USER_SCRIPT_SANDBOXING = YES;
				GCC_C_LANGUAGE_STANDARD = gnu17;
				GCC_DYNAMIC_NO_PIC = NO;
				GCC_NO_COMMON_BLOCKS = YES;
				GCC_OPTIMIZATION_LEVEL = 0;
				GCC_PREPROCESSOR_DEFINITIONS = (
					"DEBUG=1",
					"$(inherited)",
				);
				GCC_WARN_64_TO_32_BIT_CONVERSION = YES;
				GCC_WARN_ABOUT_RETURN_TYPE = YES_ERROR;
				GCC_WARN_UNDECLARED_SELECTOR = YES;
				GCC_WARN_UNINITIALIZED_AUTOS = YES_AGGRESSIVE;
				GCC_WARN_UNUSED_FUNCTION = YES;
				GCC_WARN_UNUSED_VARIABLE = YES;
				IPHONEOS_DEPLOYMENT_TARGET = 17.0;
				LOCALIZATION_PREFERS_STRING_CATALOGS = YES;
				MTL_ENABLE_DEBUG_INFO = INCLUDE_SOURCE;
				MTL_FAST_MATH = YES;
				ONLY_ACTIVE_ARCH = YES;
				SDKROOT = iphoneos;
				SWIFT_ACTIVE_COMPILATION_CONDITIONS = "DEBUG $(inherited)";
				SWIFT_OPTIMIZATION_LEVEL = "-Onone";
			};
			name = Debug;
		};
		F49C98422AEB499300B0F8F4 /* Release */ = {
			isa = XCBuildConfiguration;
			buildSettings = {
				ALWAYS_SEARCH_USER_PATHS = NO;
				ASSETCATALOG_COMPILER_GENERATE_SWIFT_ASSET_SYMBOL_EXTENSIONS = YES;
				CLANG_ANALYZER_NONNULL = YES;
				CLANG_ANALYZER_NUMBER_OBJECT_CONVERSION = YES_AGGRESSIVE;
				CLANG_CXX_LANGUAGE_STANDARD = "gnu++20";
				CLANG_ENABLE_MODULES = YES;
				CLANG_ENABLE_OBJC_ARC = YES;
				CLANG_ENABLE_OBJC_WEAK = YES;
				CLANG_WARN_BLOCK_CAPTURE_AUTORELEASING = YES;
				CLANG_WARN_BOOL_CONVERSION = YES;
				CLANG_WARN_COMMA = YES;
				CLANG_WARN_CONSTANT_CONVERSION = YES;
				CLANG_WARN_DEPRECATED_OBJC_IMPLEMENTATIONS = YES;
				CLANG_WARN_DIRECT_OBJC_ISA_USAGE = YES_ERROR;
				CLANG_WARN_DOCUMENTATION_COMMENTS = YES;
				CLANG_WARN_EMPTY_BODY = YES;
				CLANG_WARN_ENUM_CONVERSION = YES;
				CLANG_WARN_INFINITE_RECURSION = YES;
				CLANG_WARN_INT_CONVERSION = YES;
				CLANG_WARN_NON_LITERAL_NULL_CONVERSION = YES;
				CLANG_WARN_OBJC_IMPLICIT_RETAIN_SELF = YES;
				CLANG_WARN_OBJC_LITERAL_CONVERSION = YES;
				CLANG_WARN_OBJC_ROOT_CLASS = YES_ERROR;
				CLANG_WARN_QUOTED_INCLUDE_IN_FRAMEWORK_HEADER = YES;
				CLANG_WARN_RANGE_LOOP_ANALYSIS = YES;
				CLANG_WARN_STRICT_PROTOTYPES = YES;
				CLANG_WARN_SUSPICIOUS_MOVE = YES;
				CLANG_WARN_UNGUARDED_AVAILABILITY = YES_AGGRESSIVE;
				CLANG_WARN_UNREACHABLE_CODE = YES;
				CLANG_WARN__DUPLICATE_METHOD_MATCH = YES;
				COPY_PHASE_STRIP = NO;
				DEBUG_INFORMATION_FORMAT = "dwarf-with-dsym";
				ENABLE_NS_ASSERTIONS = NO;
				ENABLE_STRICT_OBJC_MSGSEND = YES;
				ENABLE_USER_SCRIPT_SANDBOXING = YES;
				GCC_C_LANGUAGE_STANDARD = gnu17;
				GCC_NO_COMMON_BLOCKS = YES;
				GCC_WARN_64_TO_32_BIT_CONVERSION = YES;
				GCC_WARN_ABOUT_RETURN_TYPE = YES_ERROR;
				GCC_WARN_UNDECLARED_SELECTOR = YES;
				GCC_WARN_UNINITIALIZED_AUTOS = YES_AGGRESSIVE;
				GCC_WARN_UNUSED_FUNCTION = YES;
				GCC_WARN_UNUSED_VARIABLE = YES;
				IPHONEOS_DEPLOYMENT_TARGET = 17.0;
				LOCALIZATION_PREFERS_STRING_CATALOGS = YES;
				MTL_ENABLE_DEBUG_INFO = NO;
				MTL_FAST_MATH = YES;
				SDKROOT = iphoneos;
				SWIFT_COMPILATION_MODE = wholemodule;
				VALIDATE_PRODUCT = YES;
			};
			name = Release;
		};
		F49C98442AEB499300B0F8F4 /* Debug */ = {
			isa = XCBuildConfiguration;
			buildSettings = {
				ASSETCATALOG_COMPILER_APPICON_NAME = AppIcon;
				ASSETCATALOG_COMPILER_GLOBAL_ACCENT_COLOR_NAME = AccentColor;
				CODE_SIGN_STYLE = Automatic;
				CURRENT_PROJECT_VERSION = 1;
				DEVELOPMENT_ASSET_PATHS = "\"Threads/Preview Content\"";
				DEVELOPMENT_TEAM = Q8Z68DCN99;
				ENABLE_PREVIEWS = YES;
				GENERATE_INFOPLIST_FILE = YES;
				INFOPLIST_KEY_UIApplicationSceneManifest_Generation = YES;
				INFOPLIST_KEY_UIApplicationSupportsIndirectInputEvents = YES;
				INFOPLIST_KEY_UILaunchScreen_Generation = YES;
				INFOPLIST_KEY_UISupportedInterfaceOrientations_iPad = "UIInterfaceOrientationPortrait UIInterfaceOrientationPortraitUpsideDown UIInterfaceOrientationLandscapeLeft UIInterfaceOrientationLandscapeRight";
				INFOPLIST_KEY_UISupportedInterfaceOrientations_iPhone = "UIInterfaceOrientationPortrait UIInterfaceOrientationLandscapeLeft UIInterfaceOrientationLandscapeRight";
				LD_RUNPATH_SEARCH_PATHS = (
					"$(inherited)",
					"@executable_path/Frameworks",
				);
				MARKETING_VERSION = 1.0;
				PRODUCT_BUNDLE_IDENTIFIER = com.danalvescc.Threads;
				PRODUCT_NAME = "$(TARGET_NAME)";
				SWIFT_EMIT_LOC_STRINGS = YES;
				SWIFT_VERSION = 5.0;
				TARGETED_DEVICE_FAMILY = "1,2";
			};
			name = Debug;
		};
		F49C98452AEB499300B0F8F4 /* Release */ = {
			isa = XCBuildConfiguration;
			buildSettings = {
				ASSETCATALOG_COMPILER_APPICON_NAME = AppIcon;
				ASSETCATALOG_COMPILER_GLOBAL_ACCENT_COLOR_NAME = AccentColor;
				CODE_SIGN_STYLE = Automatic;
				CURRENT_PROJECT_VERSION = 1;
				DEVELOPMENT_ASSET_PATHS = "\"Threads/Preview Content\"";
				DEVELOPMENT_TEAM = Q8Z68DCN99;
				ENABLE_PREVIEWS = YES;
				GENERATE_INFOPLIST_FILE = YES;
				INFOPLIST_KEY_UIApplicationSceneManifest_Generation = YES;
				INFOPLIST_KEY_UIApplicationSupportsIndirectInputEvents = YES;
				INFOPLIST_KEY_UILaunchScreen_Generation = YES;
				INFOPLIST_KEY_UISupportedInterfaceOrientations_iPad = "UIInterfaceOrientationPortrait UIInterfaceOrientationPortraitUpsideDown UIInterfaceOrientationLandscapeLeft UIInterfaceOrientationLandscapeRight";
				INFOPLIST_KEY_UISupportedInterfaceOrientations_iPhone = "UIInterfaceOrientationPortrait UIInterfaceOrientationLandscapeLeft UIInterfaceOrientationLandscapeRight";
				LD_RUNPATH_SEARCH_PATHS = (
					"$(inherited)",
					"@executable_path/Frameworks",
				);
				MARKETING_VERSION = 1.0;
				PRODUCT_BUNDLE_IDENTIFIER = com.danalvescc.Threads;
				PRODUCT_NAME = "$(TARGET_NAME)";
				SWIFT_EMIT_LOC_STRINGS = YES;
				SWIFT_VERSION = 5.0;
				TARGETED_DEVICE_FAMILY = "1,2";
			};
			name = Release;
		};
/* End XCBuildConfiguration section */

/* Begin XCConfigurationList section */
		F49C98302AEB498F00B0F8F4 /* Build configuration list for PBXProject "Threads" */ = {
			isa = XCConfigurationList;
			buildConfigurations = (
				F49C98412AEB499300B0F8F4 /* Debug */,
				F49C98422AEB499300B0F8F4 /* Release */,
			);
			defaultConfigurationIsVisible = 0;
			defaultConfigurationName = Release;
		};
		F49C98432AEB499300B0F8F4 /* Build configuration list for PBXNativeTarget "Threads" */ = {
			isa = XCConfigurationList;
			buildConfigurations = (
				F49C98442AEB499300B0F8F4 /* Debug */,
				F49C98452AEB499300B0F8F4 /* Release */,
			);
			defaultConfigurationIsVisible = 0;
			defaultConfigurationName = Release;
		};
/* End XCConfigurationList section */

/* Begin XCRemoteSwiftPackageReference section */
		F46996602AF53A4D00091384 /* XCRemoteSwiftPackageReference "firebase-ios-sdk" */ = {
			isa = XCRemoteSwiftPackageReference;
			repositoryURL = "https://github.com/firebase/firebase-ios-sdk";
			requirement = {
				kind = upToNextMajorVersion;
				minimumVersion = 10.17.0;
			};
		};
/* End XCRemoteSwiftPackageReference section */

/* Begin XCSwiftPackageProductDependency section */
		F46996612AF53A4D00091384 /* FirebaseAnalytics */ = {
			isa = XCSwiftPackageProductDependency;
			package = F46996602AF53A4D00091384 /* XCRemoteSwiftPackageReference "firebase-ios-sdk" */;
			productName = FirebaseAnalytics;
		};
		F46996632AF53A4D00091384 /* FirebaseAnalyticsOnDeviceConversion */ = {
			isa = XCSwiftPackageProductDependency;
			package = F46996602AF53A4D00091384 /* XCRemoteSwiftPackageReference "firebase-ios-sdk" */;
			productName = FirebaseAnalyticsOnDeviceConversion;
		};
		F46996652AF53A4D00091384 /* FirebaseAnalyticsSwift */ = {
			isa = XCSwiftPackageProductDependency;
			package = F46996602AF53A4D00091384 /* XCRemoteSwiftPackageReference "firebase-ios-sdk" */;
			productName = FirebaseAnalyticsSwift;
		};
		F46996672AF53A4D00091384 /* FirebaseAnalyticsWithoutAdIdSupport */ = {
			isa = XCSwiftPackageProductDependency;
			package = F46996602AF53A4D00091384 /* XCRemoteSwiftPackageReference "firebase-ios-sdk" */;
			productName = FirebaseAnalyticsWithoutAdIdSupport;
		};
		F46996692AF53A4D00091384 /* FirebaseAppCheck */ = {
			isa = XCSwiftPackageProductDependency;
			package = F46996602AF53A4D00091384 /* XCRemoteSwiftPackageReference "firebase-ios-sdk" */;
			productName = FirebaseAppCheck;
		};
		F469966B2AF53A4D00091384 /* FirebaseAppDistribution-Beta */ = {
			isa = XCSwiftPackageProductDependency;
			package = F46996602AF53A4D00091384 /* XCRemoteSwiftPackageReference "firebase-ios-sdk" */;
			productName = "FirebaseAppDistribution-Beta";
		};
		F469966D2AF53A4D00091384 /* FirebaseAuth */ = {
			isa = XCSwiftPackageProductDependency;
			package = F46996602AF53A4D00091384 /* XCRemoteSwiftPackageReference "firebase-ios-sdk" */;
			productName = FirebaseAuth;
		};
		F469966F2AF53A4D00091384 /* FirebaseAuthCombine-Community */ = {
			isa = XCSwiftPackageProductDependency;
			package = F46996602AF53A4D00091384 /* XCRemoteSwiftPackageReference "firebase-ios-sdk" */;
			productName = "FirebaseAuthCombine-Community";
		};
		F46996712AF53A4D00091384 /* FirebaseCrashlytics */ = {
			isa = XCSwiftPackageProductDependency;
			package = F46996602AF53A4D00091384 /* XCRemoteSwiftPackageReference "firebase-ios-sdk" */;
			productName = FirebaseCrashlytics;
		};
		F46996732AF53A4D00091384 /* FirebaseDatabase */ = {
			isa = XCSwiftPackageProductDependency;
			package = F46996602AF53A4D00091384 /* XCRemoteSwiftPackageReference "firebase-ios-sdk" */;
			productName = FirebaseDatabase;
		};
		F46996752AF53A4D00091384 /* FirebaseDatabaseSwift */ = {
			isa = XCSwiftPackageProductDependency;
			package = F46996602AF53A4D00091384 /* XCRemoteSwiftPackageReference "firebase-ios-sdk" */;
			productName = FirebaseDatabaseSwift;
		};
		F46996772AF53A4D00091384 /* FirebaseDynamicLinks */ = {
			isa = XCSwiftPackageProductDependency;
			package = F46996602AF53A4D00091384 /* XCRemoteSwiftPackageReference "firebase-ios-sdk" */;
			productName = FirebaseDynamicLinks;
		};
		F46996792AF53A4D00091384 /* FirebaseFirestore */ = {
			isa = XCSwiftPackageProductDependency;
			package = F46996602AF53A4D00091384 /* XCRemoteSwiftPackageReference "firebase-ios-sdk" */;
			productName = FirebaseFirestore;
		};
		F469967B2AF53A4D00091384 /* FirebaseFirestoreCombine-Community */ = {
			isa = XCSwiftPackageProductDependency;
			package = F46996602AF53A4D00091384 /* XCRemoteSwiftPackageReference "firebase-ios-sdk" */;
			productName = "FirebaseFirestoreCombine-Community";
		};
		F469967D2AF53A4D00091384 /* FirebaseFirestoreSwift */ = {
			isa = XCSwiftPackageProductDependency;
			package = F46996602AF53A4D00091384 /* XCRemoteSwiftPackageReference "firebase-ios-sdk" */;
			productName = FirebaseFirestoreSwift;
		};
		F469967F2AF53A4D00091384 /* FirebaseFunctions */ = {
			isa = XCSwiftPackageProductDependency;
			package = F46996602AF53A4D00091384 /* XCRemoteSwiftPackageReference "firebase-ios-sdk" */;
			productName = FirebaseFunctions;
		};
		F46996812AF53A4D00091384 /* FirebaseFunctionsCombine-Community */ = {
			isa = XCSwiftPackageProductDependency;
			package = F46996602AF53A4D00091384 /* XCRemoteSwiftPackageReference "firebase-ios-sdk" */;
			productName = "FirebaseFunctionsCombine-Community";
		};
		F46996832AF53A4D00091384 /* FirebaseInAppMessaging-Beta */ = {
			isa = XCSwiftPackageProductDependency;
			package = F46996602AF53A4D00091384 /* XCRemoteSwiftPackageReference "firebase-ios-sdk" */;
			productName = "FirebaseInAppMessaging-Beta";
		};
		F46996852AF53A4D00091384 /* FirebaseInAppMessagingSwift-Beta */ = {
			isa = XCSwiftPackageProductDependency;
			package = F46996602AF53A4D00091384 /* XCRemoteSwiftPackageReference "firebase-ios-sdk" */;
			productName = "FirebaseInAppMessagingSwift-Beta";
		};
		F46996872AF53A4D00091384 /* FirebaseInstallations */ = {
			isa = XCSwiftPackageProductDependency;
			package = F46996602AF53A4D00091384 /* XCRemoteSwiftPackageReference "firebase-ios-sdk" */;
			productName = FirebaseInstallations;
		};
		F46996892AF53A4D00091384 /* FirebaseMLModelDownloader */ = {
			isa = XCSwiftPackageProductDependency;
			package = F46996602AF53A4D00091384 /* XCRemoteSwiftPackageReference "firebase-ios-sdk" */;
			productName = FirebaseMLModelDownloader;
		};
		F469968B2AF53A4D00091384 /* FirebaseMessaging */ = {
			isa = XCSwiftPackageProductDependency;
			package = F46996602AF53A4D00091384 /* XCRemoteSwiftPackageReference "firebase-ios-sdk" */;
			productName = FirebaseMessaging;
		};
		F469968D2AF53A4D00091384 /* FirebasePerformance */ = {
			isa = XCSwiftPackageProductDependency;
			package = F46996602AF53A4D00091384 /* XCRemoteSwiftPackageReference "firebase-ios-sdk" */;
			productName = FirebasePerformance;
		};
		F469968F2AF53A4D00091384 /* FirebaseRemoteConfig */ = {
			isa = XCSwiftPackageProductDependency;
			package = F46996602AF53A4D00091384 /* XCRemoteSwiftPackageReference "firebase-ios-sdk" */;
			productName = FirebaseRemoteConfig;
		};
		F46996912AF53A4D00091384 /* FirebaseRemoteConfigSwift */ = {
			isa = XCSwiftPackageProductDependency;
			package = F46996602AF53A4D00091384 /* XCRemoteSwiftPackageReference "firebase-ios-sdk" */;
			productName = FirebaseRemoteConfigSwift;
		};
		F46996932AF53A4D00091384 /* FirebaseStorage */ = {
			isa = XCSwiftPackageProductDependency;
			package = F46996602AF53A4D00091384 /* XCRemoteSwiftPackageReference "firebase-ios-sdk" */;
			productName = FirebaseStorage;
		};
		F46996952AF53A4D00091384 /* FirebaseStorageCombine-Community */ = {
			isa = XCSwiftPackageProductDependency;
			package = F46996602AF53A4D00091384 /* XCRemoteSwiftPackageReference "firebase-ios-sdk" */;
			productName = "FirebaseStorageCombine-Community";
		};
/* End XCSwiftPackageProductDependency section */
	};
	rootObject = F49C982D2AEB498F00B0F8F4 /* Project object */;
}
